github.com/myfantasy/mfs v0.1.4 h1:AhiUqDw3DpBHlRmPOFx+W7fAePgh3iFg/DvaXcjdsQs=
github.com/myfantasy/mfs v0.1.4/go.mod h1:VzrpsffCc+o2mGUMJrO07YSbHrGfZ4PbbENQbNssecA=
github.com/myfantasy/mft v0.0.9 h1:Foupv7JKLYg0Ke2UrsBhGCzMQJRdlu2/YL8PYILPRbI=
github.com/myfantasy/mft v0.0.9/go.mod h1:0Z5dKFlkM9T5IjF6fj+lfsnc29g0FQ+zgzqQDK9/5sw=
