github.com/Azure/go-autorest v1.1.1 h1:4G9tVCqooRY3vDTB2bA1Z01PlSALtnUbji0AfzthUSs=
github.com/Azure/go-autorest v14.2.0+incompatible h1:V5VMDjClD3GiElqLWO7mz2MxNAK/vTfRHdAubSIPRgs=
github.com/Azure/go-autorest v14.2.0+incompatible/go.mod h1:r+4oMnoxhatjLLJ6zxSWATqVooLgysK6ZNox3g/xq24=
github.com/Azure/go-autorest/autorest v0.11.15 h1:S5SDFpmgoVyvMEOcULyEDlYFrdPmu6Wl0Ic+shkEwzg=
github.com/Azure/go-autorest/autorest/date v0.3.0 h1:7gUk1U5M/CQbp9WoqinNzJar+8KY+LPI6wiWrP/myHw=
github.com/Azure/go-autorest/autorest/date v0.3.0/go.mod h1:BI0uouVdmngYNUzGWeSYnokU+TrmwEsOqdt8Y6sso74=
github.com/myfantasy/mfs v0.1.3 h1:4jwCfD8TivB5qBpU8P0TscA4f4xSQpglUmqUyXgPam8=
github.com/myfantasy/mfs v0.1.3/go.mod h1:VzrpsffCc+o2mGUMJrO07YSbHrGfZ4PbbENQbNssecA=
github.com/myfantasy/mft v0.0.9 h1:Foupv7JKLYg0Ke2UrsBhGCzMQJRdlu2/YL8PYILPRbI=
github.com/myfantasy/mft v0.0.9/go.mod h1:0Z5dKFlkM9T5IjF6fj+lfsnc29g0FQ+zgzqQDK9/5sw=
